
Microsoft Visual Studio Solution File, Format Version 12.00
# Visual Studio Version 17
VisualStudioVersion = 17.9.34902.65
MinimumVisualStudioVersion = 10.0.40219.1
Project("{FAE04EC0-301F-11D3-BF4B-00C04F79EFBC}") = "CandidateApplication", "CandidateApplication.csproj", "{CF750AB9-DE5E-4384-B975-1044506E9059}"
EndProject
Global
	GlobalSection(SolutionConfigurationPlatforms) = preSolution
		Debug|Any CPU = Debug|Any CPU
		Release|Any CPU = Release|Any CPU
	EndGlobalSection
	GlobalSection(ProjectConfigurationPlatforms) = postSolution
		{CF750AB9-DE5E-4384-B975-1044506E9059}.Debug|Any CPU.ActiveCfg = Debug|Any CPU
		{CF750AB9-DE5E-4384-B975-1044506E9059}.Debug|Any CPU.Build.0 = Debug|Any CPU
		{CF750AB9-DE5E-4384-B975-1044506E9059}.Release|Any CPU.ActiveCfg = Release|Any CPU
		{CF750AB9-DE5E-4384-B975-1044506E9059}.Release|Any CPU.Build.0 = Release|Any CPU
	EndGlobalSection
	GlobalSection(SolutionProperties) = preSolution
		HideSolutionNode = FALSE
	EndGlobalSection
	GlobalSection(ExtensibilityGlobals) = postSolution
		SolutionGuid = {EBD12BAF-3170-4B3D-9E7A-A74424400028}
	EndGlobalSection
EndGlobal
